
Microsoft Visual Studio Solution File, Format Version 12.00
# Visual Studio Version 17
VisualStudioVersion = 17.4.33205.214
MinimumVisualStudioVersion = 10.0.40219.1
Project("{9A19103F-16F7-4668-BE54-9A1E7A4F7556}") = "Louver", "Louver\Louver.csproj", "{DE058317-FB25-4D5A-BFF8-7C8A561C2605}"
EndProject
Global
	GlobalSection(SolutionConfigurationPlatforms) = preSolution
		Debug|Any CPU = Debug|Any CPU
		Release|Any CPU = Release|Any CPU
	EndGlobalSection
	GlobalSection(ProjectConfigurationPlatforms) = postSolution
		{DE058317-FB25-4D5A-BFF8-7C8A561C2605}.Debug|Any CPU.ActiveCfg = Debug|Any CPU
		{DE058317-FB25-4D5A-BFF8-7C8A561C2605}.Debug|Any CPU.Build.0 = Debug|Any CPU
		{DE058317-FB25-4D5A-BFF8-7C8A561C2605}.Release|Any CPU.ActiveCfg = Release|Any CPU
		{DE058317-FB25-4D5A-BFF8-7C8A561C2605}.Release|Any CPU.Build.0 = Release|Any CPU
	EndGlobalSection
	GlobalSection(SolutionProperties) = preSolution
		HideSolutionNode = FALSE
	EndGlobalSection
	GlobalSection(ExtensibilityGlobals) = postSolution
		SolutionGuid = {5E72B0A6-F882-45C6-97AF-CD570CF1AE3C}
	EndGlobalSection
EndGlobal
